{
    "version": 3,
    "terraform_version": "0.11.7",
    "serial": 15,
    "lineage": "bb77c095-5583-9054-9c2f-7feb1323d37e",
    "modules": [
        {
            "path": [
                "root"
            ],
            "outputs": {
                "image_id": {
                    "sensitive": false,
                    "type": "string",
                    "value": "/subscriptions/6edfbbb4-cc4e-4bba-9a8f-361b1696bf0e/resourceGroups/gravt-ci-images/providers/Microsoft.Compute/images/vsts-agent-linux"
                }
            },
            "resources": {
                "azurerm_network_interface.main": {
                    "type": "azurerm_network_interface",
                    "depends_on": [
                        "azurerm_network_security_group.main",
                        "azurerm_public_ip.main",
                        "azurerm_resource_group.main",
                        "azurerm_subnet.internal"
                    ],
                    "primary": {
                        "id": "/subscriptions/6edfbbb4-cc4e-4bba-9a8f-361b1696bf0e/resourceGroups/gravt-ci-agents/providers/Microsoft.Network/networkInterfaces/vsts-agent-linux-1-nic",
                        "attributes": {
                            "applied_dns_servers.#": "0",
                            "dns_servers.#": "0",
                            "enable_accelerated_networking": "false",
                            "enable_ip_forwarding": "false",
                            "id": "/subscriptions/6edfbbb4-cc4e-4bba-9a8f-361b1696bf0e/resourceGroups/gravt-ci-agents/providers/Microsoft.Network/networkInterfaces/vsts-agent-linux-1-nic",
                            "internal_dns_name_label": "",
                            "internal_fqdn": "",
                            "ip_configuration.#": "1",
                            "ip_configuration.0.application_gateway_backend_address_pools_ids.#": "0",
                            "ip_configuration.0.application_security_group_ids.#": "0",
                            "ip_configuration.0.load_balancer_backend_address_pools_ids.#": "0",
                            "ip_configuration.0.load_balancer_inbound_nat_rules_ids.#": "0",
                            "ip_configuration.0.name": "primary",
                            "ip_configuration.0.primary": "true",
                            "ip_configuration.0.private_ip_address": "",
                            "ip_configuration.0.private_ip_address_allocation": "dynamic",
                            "ip_configuration.0.public_ip_address_id": "/subscriptions/6edfbbb4-cc4e-4bba-9a8f-361b1696bf0e/resourceGroups/gravt-ci-agents/providers/Microsoft.Network/publicIPAddresses/vsts-agent-linux-1-pip",
                            "ip_configuration.0.subnet_id": "/subscriptions/6edfbbb4-cc4e-4bba-9a8f-361b1696bf0e/resourceGroups/gravt-ci-agents/providers/Microsoft.Network/virtualNetworks/vsts-agent-linux-1-network/subnets/internal",
                            "location": "canadaeast",
                            "mac_address": "00-0D-3A-F4-9E-4A",
                            "name": "vsts-agent-linux-1-nic",
                            "network_security_group_id": "/subscriptions/6edfbbb4-cc4e-4bba-9a8f-361b1696bf0e/resourceGroups/gravt-ci-agents/providers/Microsoft.Network/networkSecurityGroups/vsts-agent-linux-1-nsg",
                            "private_ip_address": "172.16.1.4",
                            "private_ip_addresses.#": "1",
                            "private_ip_addresses.0": "172.16.1.4",
                            "resource_group_name": "gravt-ci-agents",
                            "tags.%": "0",
                            "virtual_machine_id": "/subscriptions/6edfbbb4-cc4e-4bba-9a8f-361b1696bf0e/resourceGroups/gravt-ci-agents/providers/Microsoft.Compute/virtualMachines/vsts-agent-linux-1"
                        },
                        "meta": {},
                        "tainted": false
                    },
                    "deposed": [],
                    "provider": "provider.azurerm"
                },
                "azurerm_network_security_group.main": {
                    "type": "azurerm_network_security_group",
                    "depends_on": [
                        "azurerm_resource_group.main"
                    ],
                    "primary": {
                        "id": "/subscriptions/6edfbbb4-cc4e-4bba-9a8f-361b1696bf0e/resourceGroups/gravt-ci-agents/providers/Microsoft.Network/networkSecurityGroups/vsts-agent-linux-1-nsg",
                        "attributes": {
                            "id": "/subscriptions/6edfbbb4-cc4e-4bba-9a8f-361b1696bf0e/resourceGroups/gravt-ci-agents/providers/Microsoft.Network/networkSecurityGroups/vsts-agent-linux-1-nsg",
                            "location": "canadaeast",
                            "name": "vsts-agent-linux-1-nsg",
                            "resource_group_name": "gravt-ci-agents",
                            "security_rule.#": "1",
                            "security_rule.505525380.access": "Allow",
                            "security_rule.505525380.description": "Allow SSH access",
                            "security_rule.505525380.destination_address_prefix": "*",
                            "security_rule.505525380.destination_address_prefixes.#": "0",
                            "security_rule.505525380.destination_application_security_group_ids.#": "0",
                            "security_rule.505525380.destination_port_range": "22",
                            "security_rule.505525380.destination_port_ranges.#": "0",
                            "security_rule.505525380.direction": "Inbound",
                            "security_rule.505525380.name": "allow_SSH",
                            "security_rule.505525380.priority": "100",
                            "security_rule.505525380.protocol": "Tcp",
                            "security_rule.505525380.source_address_prefix": "*",
                            "security_rule.505525380.source_address_prefixes.#": "0",
                            "security_rule.505525380.source_application_security_group_ids.#": "0",
                            "security_rule.505525380.source_port_range": "*",
                            "security_rule.505525380.source_port_ranges.#": "0",
                            "tags.%": "0"
                        },
                        "meta": {},
                        "tainted": false
                    },
                    "deposed": [],
                    "provider": "provider.azurerm"
                },
                "azurerm_public_ip.main": {
                    "type": "azurerm_public_ip",
                    "depends_on": [
                        "azurerm_resource_group.main"
                    ],
                    "primary": {
                        "id": "/subscriptions/6edfbbb4-cc4e-4bba-9a8f-361b1696bf0e/resourceGroups/gravt-ci-agents/providers/Microsoft.Network/publicIPAddresses/vsts-agent-linux-1-pip",
                        "attributes": {
                            "id": "/subscriptions/6edfbbb4-cc4e-4bba-9a8f-361b1696bf0e/resourceGroups/gravt-ci-agents/providers/Microsoft.Network/publicIPAddresses/vsts-agent-linux-1-pip",
                            "ip_address": "40.86.205.86",
                            "location": "canadaeast",
                            "name": "vsts-agent-linux-1-pip",
                            "public_ip_address_allocation": "dynamic",
                            "resource_group_name": "gravt-ci-agents",
                            "sku": "Basic",
                            "tags.%": "0",
                            "zones.#": "0"
                        },
                        "meta": {},
                        "tainted": false
                    },
                    "deposed": [],
                    "provider": "provider.azurerm"
                },
                "azurerm_resource_group.main": {
                    "type": "azurerm_resource_group",
                    "depends_on": [],
                    "primary": {
                        "id": "/subscriptions/6edfbbb4-cc4e-4bba-9a8f-361b1696bf0e/resourceGroups/gravt-ci-agents",
                        "attributes": {
                            "id": "/subscriptions/6edfbbb4-cc4e-4bba-9a8f-361b1696bf0e/resourceGroups/gravt-ci-agents",
                            "location": "canadaeast",
                            "name": "gravt-ci-agents",
                            "tags.%": "0"
                        },
                        "meta": {},
                        "tainted": false
                    },
                    "deposed": [],
                    "provider": "provider.azurerm"
                },
                "azurerm_subnet.internal": {
                    "type": "azurerm_subnet",
                    "depends_on": [
                        "azurerm_resource_group.main",
                        "azurerm_virtual_network.main"
                    ],
                    "primary": {
                        "id": "/subscriptions/6edfbbb4-cc4e-4bba-9a8f-361b1696bf0e/resourceGroups/gravt-ci-agents/providers/Microsoft.Network/virtualNetworks/vsts-agent-linux-1-network/subnets/internal",
                        "attributes": {
                            "address_prefix": "172.16.1.0/24",
                            "id": "/subscriptions/6edfbbb4-cc4e-4bba-9a8f-361b1696bf0e/resourceGroups/gravt-ci-agents/providers/Microsoft.Network/virtualNetworks/vsts-agent-linux-1-network/subnets/internal",
                            "ip_configurations.#": "1",
                            "ip_configurations.2351575781": "/subscriptions/6edfbbb4-cc4e-4bba-9a8f-361b1696bf0e/resourceGroups/gravt-ci-agents/providers/Microsoft.Network/networkInterfaces/vsts-agent-linux-1-nic/ipConfigurations/primary",
                            "name": "internal",
                            "resource_group_name": "gravt-ci-agents",
                            "service_endpoints.#": "0",
                            "virtual_network_name": "vsts-agent-linux-1-network"
                        },
                        "meta": {},
                        "tainted": false
                    },
                    "deposed": [],
                    "provider": "provider.azurerm"
                },
                "azurerm_virtual_machine.vm": {
                    "type": "azurerm_virtual_machine",
                    "depends_on": [
                        "azurerm_network_interface.main",
                        "azurerm_resource_group.main",
                        "data.azurerm_image.search"
                    ],
                    "primary": {
                        "id": "/subscriptions/6edfbbb4-cc4e-4bba-9a8f-361b1696bf0e/resourceGroups/gravt-ci-agents/providers/Microsoft.Compute/virtualMachines/vsts-agent-linux-1",
                        "attributes": {
                            "delete_data_disks_on_termination": "true",
                            "delete_os_disk_on_termination": "true",
                            "id": "/subscriptions/6edfbbb4-cc4e-4bba-9a8f-361b1696bf0e/resourceGroups/gravt-ci-agents/providers/Microsoft.Compute/virtualMachines/vsts-agent-linux-1",
                            "identity.#": "0",
                            "location": "canadaeast",
                            "name": "vsts-agent-linux-1",
                            "network_interface_ids.#": "1",
                            "network_interface_ids.0": "/subscriptions/6edfbbb4-cc4e-4bba-9a8f-361b1696bf0e/resourceGroups/gravt-ci-agents/providers/Microsoft.Network/networkInterfaces/vsts-agent-linux-1-nic",
                            "os_profile.#": "1",
                            "os_profile.1356354938.admin_password": "",
                            "os_profile.1356354938.admin_username": "ybelval",
                            "os_profile.1356354938.computer_name": "vsts-agent-linux-1",
                            "os_profile.1356354938.custom_data": "",
                            "os_profile_linux_config.#": "1",
                            "os_profile_linux_config.69840937.disable_password_authentication": "true",
                            "os_profile_linux_config.69840937.ssh_keys.#": "1",
                            "os_profile_linux_config.69840937.ssh_keys.0.key_data": "ssh-rsa AAAAB3NzaC1yc2EAAAADAQABAAACAQDZKOWWLIea6hgtW9D77mMx5Y7pRKswApctKuDbP8pMUp/sueALf90C7DTzpea2xJ8ajaAKFfSrjUQjdIRmXvuiYcnZu5FGzRXv9uJ0ZWpB0JvgLIy7+emFQEbkgRWltxT5cMfJMYz1ni1dCBHamvj92mmjf+80IN4Naqvcn38EhsJxYpASsZal8q6bOljpgadbYKCmPHsbCvO8nacGG0bOre2ziqj8g2TeTgZj78x7m6M/mCw94TKfwwEuRLLREXpKJdnMjlrjrRWLnNXmOskXx4A9PazrLZqNUQ7MrD+lWwGnqeheIAFioPf9GCBuIW6I8TO1qcxZZAQXSBTI6eGt5gqy4edFMjSvpUE86JEk+0RmWRaB46yGGiydZaocfk87f2DlWjc5cRTPgX3GWCDyvHnVLwzy1dO/PE/aYBIniUdhHBQoq2ueKt4LwfuKlcyACqnLMc3Fs5OtAIn4LoQYLdn//KSeH+YFPc7sMhSZL6R8MTLJxOp2aML0QPgSl3CyeVXkqxzDD5PYEh/DP1HRP9Ztg7g58s/BBTBKKCKzDNhpLVPn+gnxATzFcrseR+3QAmsYX48tNQa1m2ufESU+U8vQEd1VAM3YPgnsZANxC6yV3mMTLRJkSl556WybnLmJ4LblRfApW7Z88tMbys4ilsK8ACfeecFw8vhluS7+Cw== yohan@iMac\n",
                            "os_profile_linux_config.69840937.ssh_keys.0.path": "/home/ybelval/.ssh/authorized_keys",
                            "os_profile_secrets.#": "0",
                            "resource_group_name": "gravt-ci-agents",
                            "storage_data_disk.#": "1",
                            "storage_data_disk.0.caching": "None",
                            "storage_data_disk.0.create_option": "Empty",
                            "storage_data_disk.0.disk_size_gb": "1024",
                            "storage_data_disk.0.lun": "0",
                            "storage_data_disk.0.managed_disk_id": "/subscriptions/6edfbbb4-cc4e-4bba-9a8f-361b1696bf0e/resourceGroups/gravt-ci-agents/providers/Microsoft.Compute/disks/vsts-agent-linux-1-data1",
                            "storage_data_disk.0.managed_disk_type": "Standard_LRS",
                            "storage_data_disk.0.name": "vsts-agent-linux-1-data1",
                            "storage_data_disk.0.vhd_uri": "",
                            "storage_data_disk.0.write_accelerator_enabled": "false",
                            "storage_image_reference.#": "1",
                            "storage_image_reference.3244325148.id": "/subscriptions/6edfbbb4-cc4e-4bba-9a8f-361b1696bf0e/resourceGroups/gravt-ci-images/providers/Microsoft.Compute/images/vsts-agent-linux",
                            "storage_image_reference.3244325148.offer": "",
                            "storage_image_reference.3244325148.publisher": "",
                            "storage_image_reference.3244325148.sku": "",
                            "storage_image_reference.3244325148.version": "",
                            "storage_os_disk.#": "1",
                            "storage_os_disk.0.caching": "ReadWrite",
                            "storage_os_disk.0.create_option": "FromImage",
                            "storage_os_disk.0.disk_size_gb": "40",
                            "storage_os_disk.0.image_uri": "",
                            "storage_os_disk.0.managed_disk_id": "/subscriptions/6edfbbb4-cc4e-4bba-9a8f-361b1696bf0e/resourceGroups/gravt-ci-agents/providers/Microsoft.Compute/disks/vsts-agent-linux-1-osdisk",
                            "storage_os_disk.0.managed_disk_type": "Standard_LRS",
                            "storage_os_disk.0.name": "vsts-agent-linux-1-osdisk",
                            "storage_os_disk.0.os_type": "Linux",
                            "storage_os_disk.0.vhd_uri": "",
                            "storage_os_disk.0.write_accelerator_enabled": "false",
                            "tags.%": "0",
                            "vm_size": "Standard_F2s_v2",
                            "zones.#": "0"
                        },
                        "meta": {},
                        "tainted": false
                    },
                    "deposed": [],
                    "provider": "provider.azurerm"
                },
                "azurerm_virtual_machine_extension.agent_script": {
                    "type": "azurerm_virtual_machine_extension",
                    "depends_on": [
                        "azurerm_resource_group.main",
                        "azurerm_virtual_machine.vm",
                        "data.template_file.agent_command"
                    ],
                    "primary": {
                        "id": "/subscriptions/6edfbbb4-cc4e-4bba-9a8f-361b1696bf0e/resourceGroups/gravt-ci-agents/providers/Microsoft.Compute/virtualMachines/vsts-agent-linux-1/extensions/agent_script",
                        "attributes": {
                            "auto_upgrade_minor_version": "false",
                            "id": "/subscriptions/6edfbbb4-cc4e-4bba-9a8f-361b1696bf0e/resourceGroups/gravt-ci-agents/providers/Microsoft.Compute/virtualMachines/vsts-agent-linux-1/extensions/agent_script",
                            "location": "canadaeast",
                            "name": "agent_script",
                            "publisher": "Microsoft.Azure.Extensions",
                            "resource_group_name": "gravt-ci-agents",
                            "settings": "{\"commandToExecute\":\"cd /a1 \\u0026\\u0026 ./bin/Agent.Listener configure --unattended --url https://yohandev.visualstudio.com --auth pat --token ftpt4ldwxnqw5utaksfywh6bne64xd6sffoqrzozr5fvyop2gbsa --pool default --agent vsts-agent-linux-1 --acceptTeeEula \\u0026\\u0026 ./svc.sh install \\u0026\\u0026 ./svc.sh start\"}",
                            "tags.%": "0",
                            "type": "CustomScript",
                            "type_handler_version": "2.0",
                            "virtual_machine_name": "vsts-agent-linux-1"
                        },
                        "meta": {},
                        "tainted": false
                    },
                    "deposed": [],
                    "provider": "provider.azurerm"
                },
                "azurerm_virtual_network.main": {
                    "type": "azurerm_virtual_network",
                    "depends_on": [
                        "azurerm_resource_group.main"
                    ],
                    "primary": {
                        "id": "/subscriptions/6edfbbb4-cc4e-4bba-9a8f-361b1696bf0e/resourceGroups/gravt-ci-agents/providers/Microsoft.Network/virtualNetworks/vsts-agent-linux-1-network",
                        "attributes": {
                            "address_space.#": "1",
                            "address_space.0": "172.16.0.0/16",
                            "dns_servers.#": "0",
                            "id": "/subscriptions/6edfbbb4-cc4e-4bba-9a8f-361b1696bf0e/resourceGroups/gravt-ci-agents/providers/Microsoft.Network/virtualNetworks/vsts-agent-linux-1-network",
                            "location": "canadaeast",
                            "name": "vsts-agent-linux-1-network",
                            "resource_group_name": "gravt-ci-agents",
                            "subnet.#": "1",
                            "subnet.138921508.address_prefix": "172.16.1.0/24",
                            "subnet.138921508.name": "internal",
                            "subnet.138921508.security_group": "",
                            "tags.%": "0"
                        },
                        "meta": {},
                        "tainted": false
                    },
                    "deposed": [],
                    "provider": "provider.azurerm"
                },
                "data.azurerm_image.search": {
                    "type": "azurerm_image",
                    "depends_on": [],
                    "primary": {
                        "id": "/subscriptions/6edfbbb4-cc4e-4bba-9a8f-361b1696bf0e/resourceGroups/gravt-ci-images/providers/Microsoft.Compute/images/vsts-agent-linux",
                        "attributes": {
                            "data_disk.#": "0",
                            "id": "/subscriptions/6edfbbb4-cc4e-4bba-9a8f-361b1696bf0e/resourceGroups/gravt-ci-images/providers/Microsoft.Compute/images/vsts-agent-linux",
                            "location": "canadaeast",
                            "name": "vsts-agent-linux",
                            "os_disk.#": "1",
                            "os_disk.0.blob_uri": "",
                            "os_disk.0.caching": "ReadWrite",
                            "os_disk.0.managed_disk_id": "/subscriptions/6edfbbb4-cc4e-4bba-9a8f-361b1696bf0e/resourceGroups/packer-Resource-Group-sbfxjxsnmg/providers/Microsoft.Compute/disks/pkrossbfxjxsnmg",
                            "os_disk.0.os_state": "Generalized",
                            "os_disk.0.os_type": "Linux",
                            "os_disk.0.size_gb": "30",
                            "resource_group_name": "gravt-ci-images",
                            "sort_descending": "false",
                            "tags.%": "0"
                        },
                        "meta": {},
                        "tainted": false
                    },
                    "deposed": [],
                    "provider": "provider.azurerm"
                },
                "data.template_file.agent_command": {
                    "type": "template_file",
                    "depends_on": [],
                    "primary": {
                        "id": "0daa932b70a6a010fcc4aa650445e95716cbc7c1fb305b68834a0f3f143e51aa",
                        "attributes": {
                            "id": "0daa932b70a6a010fcc4aa650445e95716cbc7c1fb305b68834a0f3f143e51aa",
                            "rendered": "cd /a1 \u0026\u0026 ./bin/Agent.Listener configure --unattended --url https://yohandev.visualstudio.com --auth pat --token ftpt4ldwxnqw5utaksfywh6bne64xd6sffoqrzozr5fvyop2gbsa --pool default --agent vsts-agent-linux-1 --acceptTeeEula \u0026\u0026 ./svc.sh install \u0026\u0026 ./svc.sh start",
                            "template": "${cd} \u0026\u0026 ${config} \u0026\u0026 ${install_svc} \u0026\u0026 ${start_svc}",
                            "vars.%": "4",
                            "vars.cd": "cd /a1",
                            "vars.config": "./bin/Agent.Listener configure --unattended --url https://yohandev.visualstudio.com --auth pat --token ftpt4ldwxnqw5utaksfywh6bne64xd6sffoqrzozr5fvyop2gbsa --pool default --agent vsts-agent-linux-1 --acceptTeeEula",
                            "vars.install_svc": "./svc.sh install",
                            "vars.start_svc": "./svc.sh start"
                        },
                        "meta": {},
                        "tainted": false
                    },
                    "deposed": [],
                    "provider": "provider.template"
                }
            },
            "depends_on": []
        }
    ]
}
